{
  "name": "nodehttp",
  "version": "1.0.0",
  "lockfileVersion": 2,
  "requires": true,
  "packages": {
    "": {
      "name": "nodehttp",
      "version": "1.0.0",
      "license": "ISC",
      "dependencies": {
        "supervisor": "^0.12.0"
      }
    },
    "node_modules/supervisor": {
      "version": "0.12.0",
      "resolved": "https://registry.npmjs.org/supervisor/-/supervisor-0.12.0.tgz",
      "integrity": "sha512-iBYeU5Or4WiiIa3+ns1DpHIiHjNNXSuYUiixKcznewwo4ImBJ8EobktaAo2csOcauhrz4SvKRTou8Z2C3W28+A==",
      "bin": {
        "node-supervisor": "lib/cli-wrapper.js",
        "supervisor": "lib/cli-wrapper.js"
      },
      "engines": {
        "node": ">=0.6.0"
      }
    }
  },
  "dependencies": {
    "supervisor": {
      "version": "0.12.0",
      "resolved": "https://registry.npmjs.org/supervisor/-/supervisor-0.12.0.tgz",
      "integrity": "sha512-iBYeU5Or4WiiIa3+ns1DpHIiHjNNXSuYUiixKcznewwo4ImBJ8EobktaAo2csOcauhrz4SvKRTou8Z2C3W28+A=="
    }
  }
}
